{
  "lockfileVersion": 1,
  "workspaces": {
    "": {
      "name": "my-project",
      "devDependencies": {
        "@iconify-json/mdi-light": "^1.2.2",
      },
    },
  },
  "packages": {
    "@iconify-json/mdi-light": ["@iconify-json/mdi-light@1.2.2", "", { "dependencies": { "@iconify/types": "*" } }, "sha512-86UV9uyNve8zRFWiPrOrrDp9GDzsZM7plYV/on4VjgLLqXlyriuy541eHZB7LIOzTUyIPVli7QiUpBbTtBhsFw=="],

    "@iconify/types": ["@iconify/types@2.0.0", "", {}, "sha512-+wluvCrRhXrhyOmRDJ3q8mux9JkKy5SJ/v8ol2tu4FVjyYvtEzkc/3pK15ET6RKg4b4w4BmTk1+gsCUhf21Ykg=="],
  }
}
